// !$*UTF8*$!
{
	archiveVersion = 1;
	classes = {
	};
	objectVersion = 46;
	objects = {

/* Begin PBXBuildFile section */
		088E4154190ED0EC00837117 /* Foundation.framework in Frameworks */ = {isa = PBXBuildFile; fileRef = 088E4153190ED0EC00837117 /* Foundation.framework */; };
		088E4156190ED0EC00837117 /* CoreGraphics.framework in Frameworks */ = {isa = PBXBuildFile; fileRef = 088E4155190ED0EC00837117 /* CoreGraphics.framework */; };
		088E4158190ED0EC00837117 /* UIKit.framework in Frameworks */ = {isa = PBXBuildFile; fileRef = 088E4157190ED0EC00837117 /* UIKit.framework */; };
		088E415E190ED0EC00837117 /* InfoPlist.strings in Resources */ = {isa = PBXBuildFile; fileRef = 088E415C190ED0EC00837117 /* InfoPlist.strings */; };
		088E4160190ED0EC00837117 /* main.m in Sources */ = {isa = PBXBuildFile; fileRef = 088E415F190ED0EC00837117 /* main.m */; };
		088E4164190ED0EC00837117 /* MSAppDelegate.m in Sources */ = {isa = PBXBuildFile; fileRef = 088E4163190ED0EC00837117 /* MSAppDelegate.m */; };
		088E4167190ED0EC00837117 /* Main.storyboard in Resources */ = {isa = PBXBuildFile; fileRef = 088E4165190ED0EC00837117 /* Main.storyboard */; };
		088E416C190ED0EC00837117 /* Images.xcassets in Resources */ = {isa = PBXBuildFile; fileRef = 088E416B190ED0EC00837117 /* Images.xcassets */; };
		088E4173190ED0EC00837117 /* XCTest.framework in Frameworks */ = {isa = PBXBuildFile; fileRef = 088E4172190ED0EC00837117 /* XCTest.framework */; };
		088E4174190ED0EC00837117 /* Foundation.framework in Frameworks */ = {isa = PBXBuildFile; fileRef = 088E4153190ED0EC00837117 /* Foundation.framework */; };
		088E4175190ED0EC00837117 /* UIKit.framework in Frameworks */ = {isa = PBXBuildFile; fileRef = 088E4157190ED0EC00837117 /* UIKit.framework */; };
		088E417D190ED0EC00837117 /* InfoPlist.strings in Resources */ = {isa = PBXBuildFile; fileRef = 088E417B190ED0EC00837117 /* InfoPlist.strings */; };
		088E417F190ED0EC00837117 /* MSUITableViewConroller_Challenge_SolutionTests.m in Sources */ = {isa = PBXBuildFile; fileRef = 088E417E190ED0EC00837117 /* MSUITableViewConroller_Challenge_SolutionTests.m */; };
		088E418A190ED12C00837117 /* MSTableViewController.m in Sources */ = {isa = PBXBuildFile; fileRef = 088E4189190ED12C00837117 /* MSTableViewController.m */; };
/* End PBXBuildFile section */

/* Begin PBXContainerItemProxy section */
		088E4176190ED0EC00837117 /* PBXContainerItemProxy */ = {
			isa = PBXContainerItemProxy;
			containerPortal = 088E4148190ED0EC00837117 /* Project object */;
			proxyType = 1;
			remoteGlobalIDString = 088E414F190ED0EC00837117;
			remoteInfo = "MSUITableViewConroller Challenge Solution";
		};
/* End PBXContainerItemProxy section */

/* Begin PBXFileReference section */
		088E4150190ED0EC00837117 /* MSUITableViewConroller Challenge Solution.app */ = {isa = PBXFileReference; explicitFileType = wrapper.application; includeInIndex = 0; path = "MSUITableViewConroller Challenge Solution.app"; sourceTree = BUILT_PRODUCTS_DIR; };
		088E4153190ED0EC00837117 /* Foundation.framework */ = {isa = PBXFileReference; lastKnownFileType = wrapper.framework; name = Foundation.framework; path = System/Library/Frameworks/Foundation.framework; sourceTree = SDKROOT; };
		088E4155190ED0EC00837117 /* CoreGraphics.framework */ = {isa = PBXFileReference; lastKnownFileType = wrapper.framework; name = CoreGraphics.framework; path = System/Library/Frameworks/CoreGraphics.framework; sourceTree = SDKROOT; };
		088E4157190ED0EC00837117 /* UIKit.framework */ = {isa = PBXFileReference; lastKnownFileType = wrapper.framework; name = UIKit.framework; path = System/Library/Frameworks/UIKit.framework; sourceTree = SDKROOT; };
		088E415B190ED0EC00837117 /* MSUITableViewConroller Challenge Solution-Info.plist */ = {isa = PBXFileReference; lastKnownFileType = text.plist.xml; path = "MSUITableViewConroller Challenge Solution-Info.plist"; sourceTree = "<group>"; };
		088E415D190ED0EC00837117 /* en */ = {isa = PBXFileReference; lastKnownFileType = text.plist.strings; name = en; path = en.lproj/InfoPlist.strings; sourceTree = "<group>"; };
		088E415F190ED0EC00837117 /* main.m */ = {isa = PBXFileReference; lastKnownFileType = sourcecode.c.objc; path = main.m; sourceTree = "<group>"; };
		088E4161190ED0EC00837117 /* MSUITableViewConroller Challenge Solution-Prefix.pch */ = {isa = PBXFileReference; lastKnownFileType = sourcecode.c.h; path = "MSUITableViewConroller Challenge Solution-Prefix.pch"; sourceTree = "<group>"; };
		088E4162190ED0EC00837117 /* MSAppDelegate.h */ = {isa = PBXFileReference; lastKnownFileType = sourcecode.c.h; path = MSAppDelegate.h; sourceTree = "<group>"; };
		088E4163190ED0EC00837117 /* MSAppDelegate.m */ = {isa = PBXFileReference; lastKnownFileType = sourcecode.c.objc; path = MSAppDelegate.m; sourceTree = "<group>"; };
		088E4166190ED0EC00837117 /* Base */ = {isa = PBXFileReference; lastKnownFileType = file.storyboard; name = Base; path = Base.lproj/Main.storyboard; sourceTree = "<group>"; };
		088E416B190ED0EC00837117 /* Images.xcassets */ = {isa = PBXFileReference; lastKnownFileType = folder.assetcatalog; path = Images.xcassets; sourceTree = "<group>"; };
		088E4171190ED0EC00837117 /* MSUITableViewConroller Challenge SolutionTests.xctest */ = {isa = PBXFileReference; explicitFileType = wrapper.cfbundle; includeInIndex = 0; path = "MSUITableViewConroller Challenge SolutionTests.xctest"; sourceTree = BUILT_PRODUCTS_DIR; };
		088E4172190ED0EC00837117 /* XCTest.framework */ = {isa = PBXFileReference; lastKnownFileType = wrapper.framework; name = XCTest.framework; path = Library/Frameworks/XCTest.framework; sourceTree = DEVELOPER_DIR; };
		088E417A190ED0EC00837117 /* MSUITableViewConroller Challenge SolutionTests-Info.plist */ = {isa = PBXFileReference; lastKnownFileType = text.plist.xml; path = "MSUITableViewConroller Challenge SolutionTests-Info.plist"; sourceTree = "<group>"; };
		088E417C190ED0EC00837117 /* en */ = {isa = PBXFileReference; lastKnownFileType = text.plist.strings; name = en; path = en.lproj/InfoPlist.strings; sourceTree = "<group>"; };
		088E417E190ED0EC00837117 /* MSUITableViewConroller_Challenge_SolutionTests.m */ = {isa = PBXFileReference; lastKnownFileType = sourcecode.c.objc; path = MSUITableViewConroller_Challenge_SolutionTests.m; sourceTree = "<group>"; };
		088E4188190ED12C00837117 /* MSTableViewController.h */ = {isa = PBXFileReference; fileEncoding = 4; lastKnownFileType = sourcecode.c.h; name = MSTableViewController.h; path = ../MSTableViewController.h; sourceTree = "<group>"; };
		088E4189190ED12C00837117 /* MSTableViewController.m */ = {isa = PBXFileReference; fileEncoding = 4; lastKnownFileType = sourcecode.c.objc; name = MSTableViewController.m; path = ../MSTableViewController.m; sourceTree = "<group>"; };
/* End PBXFileReference section */

/* Begin PBXFrameworksBuildPhase section */
		088E414D190ED0EC00837117 /* Frameworks */ = {
			isa = PBXFrameworksBuildPhase;
			buildActionMask = 2147483647;
			files = (
				088E4156190ED0EC00837117 /* CoreGraphics.framework in Frameworks */,
				088E4158190ED0EC00837117 /* UIKit.framework in Frameworks */,
				088E4154190ED0EC00837117 /* Foundation.framework in Frameworks */,
			);
			runOnlyForDeploymentPostprocessing = 0;
		};
		088E416E190ED0EC00837117 /* Frameworks */ = {
			isa = PBXFrameworksBuildPhase;
			buildActionMask = 2147483647;
			files = (
				088E4173190ED0EC00837117 /* XCTest.framework in Frameworks */,
				088E4175190ED0EC00837117 /* UIKit.framework in Frameworks */,
				088E4174190ED0EC00837117 /* Foundation.framework in Frameworks */,
			);
			runOnlyForDeploymentPostprocessing = 0;
		};
/* End PBXFrameworksBuildPhase section */

/* Begin PBXGroup section */
		088E4147190ED0EC00837117 = {
			isa = PBXGroup;
			children = (
				088E4159190ED0EC00837117 /* MSUITableViewConroller Challenge Solution */,
				088E4178190ED0EC00837117 /* MSUITableViewConroller Challenge SolutionTests */,
				088E4152190ED0EC00837117 /* Frameworks */,
				088E4151190ED0EC00837117 /* Products */,
			);
			sourceTree = "<group>";
		};
		088E4151190ED0EC00837117 /* Products */ = {
			isa = PBXGroup;
			children = (
				088E4150190ED0EC00837117 /* MSUITableViewConroller Challenge Solution.app */,
				088E4171190ED0EC00837117 /* MSUITableViewConroller Challenge SolutionTests.xctest */,
			);
			name = Products;
			sourceTree = "<group>";
		};
		088E4152190ED0EC00837117 /* Frameworks */ = {
			isa = PBXGroup;
			children = (
				088E4153190ED0EC00837117 /* Foundation.framework */,
				088E4155190ED0EC00837117 /* CoreGraphics.framework */,
				088E4157190ED0EC00837117 /* UIKit.framework */,
				088E4172190ED0EC00837117 /* XCTest.framework */,
			);
			name = Frameworks;
			sourceTree = "<group>";
		};
		088E4159190ED0EC00837117 /* MSUITableViewConroller Challenge Solution */ = {
			isa = PBXGroup;
			children = (
				088E4162190ED0EC00837117 /* MSAppDelegate.h */,
				088E4163190ED0EC00837117 /* MSAppDelegate.m */,
				088E4165190ED0EC00837117 /* Main.storyboard */,
				088E4188190ED12C00837117 /* MSTableViewController.h */,
				088E4189190ED12C00837117 /* MSTableViewController.m */,
				088E416B190ED0EC00837117 /* Images.xcassets */,
				088E415A190ED0EC00837117 /* Supporting Files */,
			);
			path = "MSUITableViewConroller Challenge Solution";
			sourceTree = "<group>";
		};
		088E415A190ED0EC00837117 /* Supporting Files */ = {
			isa = PBXGroup;
			children = (
				088E415B190ED0EC00837117 /* MSUITableViewConroller Challenge Solution-Info.plist */,
				088E415C190ED0EC00837117 /* InfoPlist.strings */,
				088E415F190ED0EC00837117 /* main.m */,
				088E4161190ED0EC00837117 /* MSUITableViewConroller Challenge Solution-Prefix.pch */,
			);
			name = "Supporting Files";
			sourceTree = "<group>";
		};
		088E4178190ED0EC00837117 /* MSUITableViewConroller Challenge SolutionTests */ = {
			isa = PBXGroup;
			children = (
				088E417E190ED0EC00837117 /* MSUITableViewConroller_Challenge_SolutionTests.m */,
				088E4179190ED0EC00837117 /* Supporting Files */,
			);
			path = "MSUITableViewConroller Challenge SolutionTests";
			sourceTree = "<group>";
		};
		088E4179190ED0EC00837117 /* Supporting Files */ = {
			isa = PBXGroup;
			children = (
				088E417A190ED0EC00837117 /* MSUITableViewConroller Challenge SolutionTests-Info.plist */,
				088E417B190ED0EC00837117 /* InfoPlist.strings */,
			);
			name = "Supporting Files";
			sourceTree = "<group>";
		};
/* End PBXGroup section */

/* Begin PBXNativeTarget section */
		088E414F190ED0EC00837117 /* MSUITableViewConroller Challenge Solution */ = {
			isa = PBXNativeTarget;
			buildConfigurationList = 088E4182190ED0EC00837117 /* Build configuration list for PBXNativeTarget "MSUITableViewConroller Challenge Solution" */;
			buildPhases = (
				088E414C190ED0EC00837117 /* Sources */,
				088E414D190ED0EC00837117 /* Frameworks */,
				088E414E190ED0EC00837117 /* Resources */,
			);
			buildRules = (
			);
			dependencies = (
			);
			name = "MSUITableViewConroller Challenge Solution";
			productName = "MSUITableViewConroller Challenge Solution";
			productReference = 088E4150190ED0EC00837117 /* MSUITableViewConroller Challenge Solution.app */;
			productType = "com.apple.product-type.application";
		};
		088E4170190ED0EC00837117 /* MSUITableViewConroller Challenge SolutionTests */ = {
			isa = PBXNativeTarget;
			buildConfigurationList = 088E4185190ED0EC00837117 /* Build configuration list for PBXNativeTarget "MSUITableViewConroller Challenge SolutionTests" */;
			buildPhases = (
				088E416D190ED0EC00837117 /* Sources */,
				088E416E190ED0EC00837117 /* Frameworks */,
				088E416F190ED0EC00837117 /* Resources */,
			);
			buildRules = (
			);
			dependencies = (
				088E4177190ED0EC00837117 /* PBXTargetDependency */,
			);
			name = "MSUITableViewConroller Challenge SolutionTests";
			productName = "MSUITableViewConroller Challenge SolutionTests";
			productReference = 088E4171190ED0EC00837117 /* MSUITableViewConroller Challenge SolutionTests.xctest */;
			productType = "com.apple.product-type.bundle.unit-test";
		};
/* End PBXNativeTarget section */

/* Begin PBXProject section */
		088E4148190ED0EC00837117 /* Project object */ = {
			isa = PBXProject;
			attributes = {
				CLASSPREFIX = MS;
				LastUpgradeCheck = 0500;
				ORGANIZATIONNAME = "Mat Sletten";
				TargetAttributes = {
					088E4170190ED0EC00837117 = {
						TestTargetID = 088E414F190ED0EC00837117;
					};
				};
			};
			buildConfigurationList = 088E414B190ED0EC00837117 /* Build configuration list for PBXProject "MSUITableViewConroller Challenge Solution" */;
			compatibilityVersion = "Xcode 3.2";
			developmentRegion = English;
			hasScannedForEncodings = 0;
			knownRegions = (
				en,
				Base,
			);
			mainGroup = 088E4147190ED0EC00837117;
			productRefGroup = 088E4151190ED0EC00837117 /* Products */;
			projectDirPath = "";
			projectRoot = "";
			targets = (
				088E414F190ED0EC00837117 /* MSUITableViewConroller Challenge Solution */,
				088E4170190ED0EC00837117 /* MSUITableViewConroller Challenge SolutionTests */,
			);
		};
/* End PBXProject section */

/* Begin PBXResourcesBuildPhase section */
		088E414E190ED0EC00837117 /* Resources */ = {
			isa = PBXResourcesBuildPhase;
			buildActionMask = 2147483647;
			files = (
				088E416C190ED0EC00837117 /* Images.xcassets in Resources */,
				088E415E190ED0EC00837117 /* InfoPlist.strings in Resources */,
				088E4167190ED0EC00837117 /* Main.storyboard in Resources */,
			);
			runOnlyForDeploymentPostprocessing = 0;
		};
		088E416F190ED0EC00837117 /* Resources */ = {
			isa = PBXResourcesBuildPhase;
			buildActionMask = 2147483647;
			files = (
				088E417D190ED0EC00837117 /* InfoPlist.strings in Resources */,
			);
			runOnlyForDeploymentPostprocessing = 0;
		};
/* End PBXResourcesBuildPhase section */

/* Begin PBXSourcesBuildPhase section */
		088E414C190ED0EC00837117 /* Sources */ = {
			isa = PBXSourcesBuildPhase;
			buildActionMask = 2147483647;
			files = (
				088E418A190ED12C00837117 /* MSTableViewController.m in Sources */,
				088E4164190ED0EC00837117 /* MSAppDelegate.m in Sources */,
				088E4160190ED0EC00837117 /* main.m in Sources */,
			);
			runOnlyForDeploymentPostprocessing = 0;
		};
		088E416D190ED0EC00837117 /* Sources */ = {
			isa = PBXSourcesBuildPhase;
			buildActionMask = 2147483647;
			files = (
				088E417F190ED0EC00837117 /* MSUITableViewConroller_Challenge_SolutionTests.m in Sources */,
			);
			runOnlyForDeploymentPostprocessing = 0;
		};
/* End PBXSourcesBuildPhase section */

/* Begin PBXTargetDependency section */
		088E4177190ED0EC00837117 /* PBXTargetDependency */ = {
			isa = PBXTargetDependency;
			target = 088E414F190ED0EC00837117 /* MSUITableViewConroller Challenge Solution */;
			targetProxy = 088E4176190ED0EC00837117 /* PBXContainerItemProxy */;
		};
/* End PBXTargetDependency section */

/* Begin PBXVariantGroup section */
		088E415C190ED0EC00837117 /* InfoPlist.strings */ = {
			isa = PBXVariantGroup;
			children = (
				088E415D190ED0EC00837117 /* en */,
			);
			name = InfoPlist.strings;
			sourceTree = "<group>";
		};
		088E4165190ED0EC00837117 /* Main.storyboard */ = {
			isa = PBXVariantGroup;
			children = (
				088E4166190ED0EC00837117 /* Base */,
			);
			name = Main.storyboard;
			sourceTree = "<group>";
		};
		088E417B190ED0EC00837117 /* InfoPlist.strings */ = {
			isa = PBXVariantGroup;
			children = (
				088E417C190ED0EC00837117 /* en */,
			);
			name = InfoPlist.strings;
			sourceTree = "<group>";
		};
/* End PBXVariantGroup section */

/* Begin XCBuildConfiguration section */
		088E4180190ED0EC00837117 /* Debug */ = {
			isa = XCBuildConfiguration;
			buildSettings = {
				ALWAYS_SEARCH_USER_PATHS = NO;
				ARCHS = "$(ARCHS_STANDARD_INCLUDING_64_BIT)";
				CLANG_CXX_LANGUAGE_STANDARD = "gnu++0x";
				CLANG_CXX_LIBRARY = "libc++";
				CLANG_ENABLE_MODULES = YES;
				CLANG_ENABLE_OBJC_ARC = YES;
				CLANG_WARN_BOOL_CONVERSION = YES;
				CLANG_WARN_CONSTANT_CONVERSION = YES;
				CLANG_WARN_DIRECT_OBJC_ISA_USAGE = YES_ERROR;
				CLANG_WARN_EMPTY_BODY = YES;
				CLANG_WARN_ENUM_CONVERSION = YES;
				CLANG_WARN_INT_CONVERSION = YES;
				CLANG_WARN_OBJC_ROOT_CLASS = YES_ERROR;
				CLANG_WARN__DUPLICATE_METHOD_MATCH = YES;
				"CODE_SIGN_IDENTITY[sdk=iphoneos*]" = "iPhone Developer";
				COPY_PHASE_STRIP = NO;
				GCC_C_LANGUAGE_STANDARD = gnu99;
				GCC_DYNAMIC_NO_PIC = NO;
				GCC_OPTIMIZATION_LEVEL = 0;
				GCC_PREPROCESSOR_DEFINITIONS = (
					"DEBUG=1",
					"$(inherited)",
				);
				GCC_SYMBOLS_PRIVATE_EXTERN = NO;
				GCC_WARN_64_TO_32_BIT_CONVERSION = YES;
				GCC_WARN_ABOUT_RETURN_TYPE = YES_ERROR;
				GCC_WARN_UNDECLARED_SELECTOR = YES;
				GCC_WARN_UNINITIALIZED_AUTOS = YES;
				GCC_WARN_UNUSED_FUNCTION = YES;
				GCC_WARN_UNUSED_VARIABLE = YES;
				IPHONEOS_DEPLOYMENT_TARGET = 7.0;
				ONLY_ACTIVE_ARCH = YES;
				SDKROOT = iphoneos;
			};
			name = Debug;
		};
		088E4181190ED0EC00837117 /* Release */ = {
			isa = XCBuildConfiguration;
			buildSettings = {
				ALWAYS_SEARCH_USER_PATHS = NO;
				ARCHS = "$(ARCHS_STANDARD_INCLUDING_64_BIT)";
				CLANG_CXX_LANGUAGE_STANDARD = "gnu++0x";
				CLANG_CXX_LIBRARY = "libc++";
				CLANG_ENABLE_MODULES = YES;
				CLANG_ENABLE_OBJC_ARC = YES;
				CLANG_WARN_BOOL_CONVERSION = YES;
				CLANG_WARN_CONSTANT_CONVERSION = YES;
				CLANG_WARN_DIRECT_OBJC_ISA_USAGE = YES_ERROR;
				CLANG_WARN_EMPTY_BODY = YES;
				CLANG_WARN_ENUM_CONVERSION = YES;
				CLANG_WARN_INT_CONVERSION = YES;
				CLANG_WARN_OBJC_ROOT_CLASS = YES_ERROR;
				CLANG_WARN__DUPLICATE_METHOD_MATCH = YES;
				"CODE_SIGN_IDENTITY[sdk=iphoneos*]" = "iPhone Developer";
				COPY_PHASE_STRIP = YES;
				ENABLE_NS_ASSERTIONS = NO;
				GCC_C_LANGUAGE_STANDARD = gnu99;
				GCC_WARN_64_TO_32_BIT_CONVERSION = YES;
				GCC_WARN_ABOUT_RETURN_TYPE = YES_ERROR;
				GCC_WARN_UNDECLARED_SELECTOR = YES;
				GCC_WARN_UNINITIALIZED_AUTOS = YES;
				GCC_WARN_UNUSED_FUNCTION = YES;
				GCC_WARN_UNUSED_VARIABLE = YES;
				IPHONEOS_DEPLOYMENT_TARGET = 7.0;
				SDKROOT = iphoneos;
				VALIDATE_PRODUCT = YES;
			};
			name = Release;
		};
		088E4183190ED0EC00837117 /* Debug */ = {
			isa = XCBuildConfiguration;
			buildSettings = {
				ASSETCATALOG_COMPILER_APPICON_NAME = AppIcon;
				ASSETCATALOG_COMPILER_LAUNCHIMAGE_NAME = LaunchImage;
				GCC_PRECOMPILE_PREFIX_HEADER = YES;
				GCC_PREFIX_HEADER = "MSUITableViewConroller Challenge Solution/MSUITableViewConroller Challenge Solution-Prefix.pch";
				INFOPLIST_FILE = "MSUITableViewConroller Challenge Solution/MSUITableViewConroller Challenge Solution-Info.plist";
				PRODUCT_NAME = "$(TARGET_NAME)";
				WRAPPER_EXTENSION = app;
			};
			name = Debug;
		};
		088E4184190ED0EC00837117 /* Release */ = {
			isa = XCBuildConfiguration;
			buildSettings = {
				ASSETCATALOG_COMPILER_APPICON_NAME = AppIcon;
				ASSETCATALOG_COMPILER_LAUNCHIMAGE_NAME = LaunchImage;
				GCC_PRECOMPILE_PREFIX_HEADER = YES;
				GCC_PREFIX_HEADER = "MSUITableViewConroller Challenge Solution/MSUITableViewConroller Challenge Solution-Prefix.pch";
				INFOPLIST_FILE = "MSUITableViewConroller Challenge Solution/MSUITableViewConroller Challenge Solution-Info.plist";
				PRODUCT_NAME = "$(TARGET_NAME)";
				WRAPPER_EXTENSION = app;
			};
			name = Release;
		};
		088E4186190ED0EC00837117 /* Debug */ = {
			isa = XCBuildConfiguration;
			buildSettings = {
				ARCHS = "$(ARCHS_STANDARD_INCLUDING_64_BIT)";
				BUNDLE_LOADER = "$(BUILT_PRODUCTS_DIR)/MSUITableViewConroller Challenge Solution.app/MSUITableViewConroller Challenge Solution";
				FRAMEWORK_SEARCH_PATHS = (
					"$(SDKROOT)/Developer/Library/Frameworks",
					"$(inherited)",
					"$(DEVELOPER_FRAMEWORKS_DIR)",
				);
				GCC_PRECOMPILE_PREFIX_HEADER = YES;
				GCC_PREFIX_HEADER = "MSUITableViewConroller Challenge Solution/MSUITableViewConroller Challenge Solution-Prefix.pch";
				GCC_PREPROCESSOR_DEFINITIONS = (
					"DEBUG=1",
					"$(inherited)",
				);
				INFOPLIST_FILE = "MSUITableViewConroller Challenge SolutionTests/MSUITableViewConroller Challenge SolutionTests-Info.plist";
				PRODUCT_NAME = "$(TARGET_NAME)";
				TEST_HOST = "$(BUNDLE_LOADER)";
				WRAPPER_EXTENSION = xctest;
			};
			name = Debug;
		};
		088E4187190ED0EC00837117 /* Release */ = {
			isa = XCBuildConfiguration;
			buildSettings = {
				ARCHS = "$(ARCHS_STANDARD_INCLUDING_64_BIT)";
				BUNDLE_LOADER = "$(BUILT_PRODUCTS_DIR)/MSUITableViewConroller Challenge Solution.app/MSUITableViewConroller Challenge Solution";
				FRAMEWORK_SEARCH_PATHS = (
					"$(SDKROOT)/Developer/Library/Frameworks",
					"$(inherited)",
					"$(DEVELOPER_FRAMEWORKS_DIR)",
				);
				GCC_PRECOMPILE_PREFIX_HEADER = YES;
				GCC_PREFIX_HEADER = "MSUITableViewConroller Challenge Solution/MSUITableViewConroller Challenge Solution-Prefix.pch";
				INFOPLIST_FILE = "MSUITableViewConroller Challenge SolutionTests/MSUITableViewConroller Challenge SolutionTests-Info.plist";
				PRODUCT_NAME = "$(TARGET_NAME)";
				TEST_HOST = "$(BUNDLE_LOADER)";
				WRAPPER_EXTENSION = xctest;
			};
			name = Release;
		};
/* End XCBuildConfiguration section */

/* Begin XCConfigurationList section */
		088E414B190ED0EC00837117 /* Build configuration list for PBXProject "MSUITableViewConroller Challenge Solution" */ = {
			isa = XCConfigurationList;
			buildConfigurations = (
				088E4180190ED0EC00837117 /* Debug */,
				088E4181190ED0EC00837117 /* Release */,
			);
			defaultConfigurationIsVisible = 0;
			defaultConfigurationName = Release;
		};
		088E4182190ED0EC00837117 /* Build configuration list for PBXNativeTarget "MSUITableViewConroller Challenge Solution" */ = {
			isa = XCConfigurationList;
			buildConfigurations = (
				088E4183190ED0EC00837117 /* Debug */,
				088E4184190ED0EC00837117 /* Release */,
			);
			defaultConfigurationIsVisible = 0;
		};
		088E4185190ED0EC00837117 /* Build configuration list for PBXNativeTarget "MSUITableViewConroller Challenge SolutionTests" */ = {
			isa = XCConfigurationList;
			buildConfigurations = (
				088E4186190ED0EC00837117 /* Debug */,
				088E4187190ED0EC00837117 /* Release */,
			);
			defaultConfigurationIsVisible = 0;
		};
/* End XCConfigurationList section */
	};
	rootObject = 088E4148190ED0EC00837117 /* Project object */;
}
